// !$*UTF8*$!
{
	archiveVersion = 1;
	classes = {
	};
	objectVersion = 56;
	objects = {

/* Begin PBXBuildFile section */
		CA002DD62C318B0F0053284B /* AppDelegate.swift in Sources */ = {isa = PBXBuildFile; fileRef = CA002DD52C318B0F0053284B /* AppDelegate.swift */; };
		CA002DD82C318B0F0053284B /* SceneDelegate.swift in Sources */ = {isa = PBXBuildFile; fileRef = CA002DD72C318B0F0053284B /* SceneDelegate.swift */; };
		CA002DDF2C318B110053284B /* Assets.xcassets in Resources */ = {isa = PBXBuildFile; fileRef = CA002DDE2C318B110053284B /* Assets.xcassets */; };
		CA002DE22C318B110053284B /* Base in Resources */ = {isa = PBXBuildFile; fileRef = CA002DE12C318B110053284B /* Base */; };
		CA002DED2C318B110053284B /* PecodeTestTaskTests.swift in Sources */ = {isa = PBXBuildFile; fileRef = CA002DEC2C318B110053284B /* PecodeTestTaskTests.swift */; };
		CA002DF72C318B110053284B /* PecodeTestTaskUITests.swift in Sources */ = {isa = PBXBuildFile; fileRef = CA002DF62C318B110053284B /* PecodeTestTaskUITests.swift */; };
		CA002DF92C318B110053284B /* PecodeTestTaskUITestsLaunchTests.swift in Sources */ = {isa = PBXBuildFile; fileRef = CA002DF82C318B110053284B /* PecodeTestTaskUITestsLaunchTests.swift */; };
		CA002E0E2C319BC10053284B /* BaseViewController.swift in Sources */ = {isa = PBXBuildFile; fileRef = CA002E0D2C319BC10053284B /* BaseViewController.swift */; };
		CA002E122C319C110053284B /* Coordinator.swift in Sources */ = {isa = PBXBuildFile; fileRef = CA002E112C319C110053284B /* Coordinator.swift */; };
		CA002E142C319C5C0053284B /* HomeCoordinator.swift in Sources */ = {isa = PBXBuildFile; fileRef = CA002E132C319C5C0053284B /* HomeCoordinator.swift */; };
		CA002E162C319C6D0053284B /* HomeViewController.swift in Sources */ = {isa = PBXBuildFile; fileRef = CA002E152C319C6D0053284B /* HomeViewController.swift */; };
		CA002E182C319C7A0053284B /* HomeViewModel.swift in Sources */ = {isa = PBXBuildFile; fileRef = CA002E172C319C7A0053284B /* HomeViewModel.swift */; };
		CA002E1A2C319C860053284B /* Home.storyboard in Resources */ = {isa = PBXBuildFile; fileRef = CA002E192C319C860053284B /* Home.storyboard */; };
		CA002E1E2C319DB20053284B /* .gitkeep in Resources */ = {isa = PBXBuildFile; fileRef = CA002E1D2C319DB20053284B /* .gitkeep */; };
		CA002E202C319DC60053284B /* .gitkeep in Resources */ = {isa = PBXBuildFile; fileRef = CA002E1F2C319DC60053284B /* .gitkeep */; };
		CA002E222C319DD00053284B /* .gitkeep in Resources */ = {isa = PBXBuildFile; fileRef = CA002E212C319DD00053284B /* .gitkeep */; };
		CA002E242C319F560053284B /* .gitignore in Resources */ = {isa = PBXBuildFile; fileRef = CA002E232C319F560053284B /* .gitignore */; };
		CA002E262C31A0830053284B /* AppCoordinator.swift in Sources */ = {isa = PBXBuildFile; fileRef = CA002E252C31A0830053284B /* AppCoordinator.swift */; };
/* End PBXBuildFile section */

/* Begin PBXContainerItemProxy section */
		CA002DE92C318B110053284B /* PBXContainerItemProxy */ = {
			isa = PBXContainerItemProxy;
			containerPortal = CA002DCA2C318B0F0053284B /* Project object */;
			proxyType = 1;
			remoteGlobalIDString = CA002DD12C318B0F0053284B;
			remoteInfo = PecodeTestTask;
		};
		CA002DF32C318B110053284B /* PBXContainerItemProxy */ = {
			isa = PBXContainerItemProxy;
			containerPortal = CA002DCA2C318B0F0053284B /* Project object */;
			proxyType = 1;
			remoteGlobalIDString = CA002DD12C318B0F0053284B;
			remoteInfo = PecodeTestTask;
		};
/* End PBXContainerItemProxy section */

/* Begin PBXFileReference section */
		CA002DD22C318B0F0053284B /* PecodeTestTask.app */ = {isa = PBXFileReference; explicitFileType = wrapper.application; includeInIndex = 0; path = PecodeTestTask.app; sourceTree = BUILT_PRODUCTS_DIR; };
		CA002DD52C318B0F0053284B /* AppDelegate.swift */ = {isa = PBXFileReference; lastKnownFileType = sourcecode.swift; path = AppDelegate.swift; sourceTree = "<group>"; };
		CA002DD72C318B0F0053284B /* SceneDelegate.swift */ = {isa = PBXFileReference; lastKnownFileType = sourcecode.swift; path = SceneDelegate.swift; sourceTree = "<group>"; };
		CA002DDE2C318B110053284B /* Assets.xcassets */ = {isa = PBXFileReference; lastKnownFileType = folder.assetcatalog; path = Assets.xcassets; sourceTree = "<group>"; };
		CA002DE12C318B110053284B /* Base */ = {isa = PBXFileReference; lastKnownFileType = file.storyboard; name = Base; path = Base.lproj/LaunchScreen.storyboard; sourceTree = "<group>"; };
		CA002DE32C318B110053284B /* Info.plist */ = {isa = PBXFileReference; lastKnownFileType = text.plist.xml; path = Info.plist; sourceTree = "<group>"; };
		CA002DE82C318B110053284B /* PecodeTestTaskTests.xctest */ = {isa = PBXFileReference; explicitFileType = wrapper.cfbundle; includeInIndex = 0; path = PecodeTestTaskTests.xctest; sourceTree = BUILT_PRODUCTS_DIR; };
		CA002DEC2C318B110053284B /* PecodeTestTaskTests.swift */ = {isa = PBXFileReference; lastKnownFileType = sourcecode.swift; path = PecodeTestTaskTests.swift; sourceTree = "<group>"; };
		CA002DF22C318B110053284B /* PecodeTestTaskUITests.xctest */ = {isa = PBXFileReference; explicitFileType = wrapper.cfbundle; includeInIndex = 0; path = PecodeTestTaskUITests.xctest; sourceTree = BUILT_PRODUCTS_DIR; };
		CA002DF62C318B110053284B /* PecodeTestTaskUITests.swift */ = {isa = PBXFileReference; lastKnownFileType = sourcecode.swift; path = PecodeTestTaskUITests.swift; sourceTree = "<group>"; };
		CA002DF82C318B110053284B /* PecodeTestTaskUITestsLaunchTests.swift */ = {isa = PBXFileReference; lastKnownFileType = sourcecode.swift; path = PecodeTestTaskUITestsLaunchTests.swift; sourceTree = "<group>"; };
		CA002E0D2C319BC10053284B /* BaseViewController.swift */ = {isa = PBXFileReference; lastKnownFileType = sourcecode.swift; path = BaseViewController.swift; sourceTree = "<group>"; };
		CA002E112C319C110053284B /* Coordinator.swift */ = {isa = PBXFileReference; lastKnownFileType = sourcecode.swift; path = Coordinator.swift; sourceTree = "<group>"; };
		CA002E132C319C5C0053284B /* HomeCoordinator.swift */ = {isa = PBXFileReference; lastKnownFileType = sourcecode.swift; path = HomeCoordinator.swift; sourceTree = "<group>"; };
		CA002E152C319C6D0053284B /* HomeViewController.swift */ = {isa = PBXFileReference; lastKnownFileType = sourcecode.swift; path = HomeViewController.swift; sourceTree = "<group>"; };
		CA002E172C319C7A0053284B /* HomeViewModel.swift */ = {isa = PBXFileReference; lastKnownFileType = sourcecode.swift; path = HomeViewModel.swift; sourceTree = "<group>"; };
		CA002E192C319C860053284B /* Home.storyboard */ = {isa = PBXFileReference; lastKnownFileType = file.storyboard; path = Home.storyboard; sourceTree = "<group>"; };
		CA002E1D2C319DB20053284B /* .gitkeep */ = {isa = PBXFileReference; lastKnownFileType = text; path = .gitkeep; sourceTree = "<group>"; };
		CA002E1F2C319DC60053284B /* .gitkeep */ = {isa = PBXFileReference; lastKnownFileType = text; path = .gitkeep; sourceTree = "<group>"; };
		CA002E212C319DD00053284B /* .gitkeep */ = {isa = PBXFileReference; lastKnownFileType = text; path = .gitkeep; sourceTree = "<group>"; };
		CA002E232C319F560053284B /* .gitignore */ = {isa = PBXFileReference; lastKnownFileType = text; path = .gitignore; sourceTree = "<group>"; };
		CA002E252C31A0830053284B /* AppCoordinator.swift */ = {isa = PBXFileReference; lastKnownFileType = sourcecode.swift; path = AppCoordinator.swift; sourceTree = "<group>"; };
/* End PBXFileReference section */

/* Begin PBXFrameworksBuildPhase section */
		CA002DCF2C318B0F0053284B /* Frameworks */ = {
			isa = PBXFrameworksBuildPhase;
			buildActionMask = 2147483647;
			files = (
			);
			runOnlyForDeploymentPostprocessing = 0;
		};
		CA002DE52C318B110053284B /* Frameworks */ = {
			isa = PBXFrameworksBuildPhase;
			buildActionMask = 2147483647;
			files = (
			);
			runOnlyForDeploymentPostprocessing = 0;
		};
		CA002DEF2C318B110053284B /* Frameworks */ = {
			isa = PBXFrameworksBuildPhase;
			buildActionMask = 2147483647;
			files = (
			);
			runOnlyForDeploymentPostprocessing = 0;
		};
/* End PBXFrameworksBuildPhase section */

/* Begin PBXGroup section */
		CA002DC92C318B0F0053284B = {
			isa = PBXGroup;
			children = (
				CA002DD42C318B0F0053284B /* PecodeTestTask */,
				CA002DEB2C318B110053284B /* PecodeTestTaskTests */,
				CA002DF52C318B110053284B /* PecodeTestTaskUITests */,
				CA002DD32C318B0F0053284B /* Products */,
			);
			sourceTree = "<group>";
		};
		CA002DD32C318B0F0053284B /* Products */ = {
			isa = PBXGroup;
			children = (
				CA002DD22C318B0F0053284B /* PecodeTestTask.app */,
				CA002DE82C318B110053284B /* PecodeTestTaskTests.xctest */,
				CA002DF22C318B110053284B /* PecodeTestTaskUITests.xctest */,
			);
			name = Products;
			sourceTree = "<group>";
		};
		CA002DD42C318B0F0053284B /* PecodeTestTask */ = {
			isa = PBXGroup;
			children = (
				CA002E092C3192C60053284B /* App */,
				CA002E082C3192940053284B /* Home */,
				CA002E0A2C3192DE0053284B /* Base */,
				CA002E062C3192850053284B /* Model */,
				CA002E1C2C319D2E0053284B /* UI */,
				CA002E1B2C319CF00053284B /* API */,
				CA002DDE2C318B110053284B /* Assets.xcassets */,
				CA002DE02C318B110053284B /* LaunchScreen.storyboard */,
				CA002DE32C318B110053284B /* Info.plist */,
			);
			path = PecodeTestTask;
			sourceTree = "<group>";
		};
		CA002DEB2C318B110053284B /* PecodeTestTaskTests */ = {
			isa = PBXGroup;
			children = (
				CA002DEC2C318B110053284B /* PecodeTestTaskTests.swift */,
			);
			path = PecodeTestTaskTests;
			sourceTree = "<group>";
		};
		CA002DF52C318B110053284B /* PecodeTestTaskUITests */ = {
			isa = PBXGroup;
			children = (
				CA002DF62C318B110053284B /* PecodeTestTaskUITests.swift */,
				CA002DF82C318B110053284B /* PecodeTestTaskUITestsLaunchTests.swift */,
				CA002E232C319F560053284B /* .gitignore */,
			);
			path = PecodeTestTaskUITests;
			sourceTree = "<group>";
		};
		CA002E062C3192850053284B /* Model */ = {
			isa = PBXGroup;
			children = (
				CA002E212C319DD00053284B /* .gitkeep */,
			);
			path = Model;
			sourceTree = "<group>";
		};
		CA002E082C3192940053284B /* Home */ = {
			isa = PBXGroup;
			children = (
				CA002E132C319C5C0053284B /* HomeCoordinator.swift */,
				CA002E152C319C6D0053284B /* HomeViewController.swift */,
				CA002E172C319C7A0053284B /* HomeViewModel.swift */,
				CA002E192C319C860053284B /* Home.storyboard */,
			);
			path = Home;
			sourceTree = "<group>";
		};
		CA002E092C3192C60053284B /* App */ = {
			isa = PBXGroup;
			children = (
				CA002DD52C318B0F0053284B /* AppDelegate.swift */,
				CA002DD72C318B0F0053284B /* SceneDelegate.swift */,
				CA002E252C31A0830053284B /* AppCoordinator.swift */,
			);
			path = App;
			sourceTree = "<group>";
		};
		CA002E0A2C3192DE0053284B /* Base */ = {
			isa = PBXGroup;
			children = (
				CA002E0D2C319BC10053284B /* BaseViewController.swift */,
				CA002E112C319C110053284B /* Coordinator.swift */,
			);
			path = Base;
			sourceTree = "<group>";
		};
		CA002E1B2C319CF00053284B /* API */ = {
			isa = PBXGroup;
			children = (
				CA002E1F2C319DC60053284B /* .gitkeep */,
			);
			path = API;
			sourceTree = "<group>";
		};
		CA002E1C2C319D2E0053284B /* UI */ = {
			isa = PBXGroup;
			children = (
				CA002E1D2C319DB20053284B /* .gitkeep */,
			);
			path = UI;
			sourceTree = "<group>";
		};
/* End PBXGroup section */

/* Begin PBXNativeTarget section */
		CA002DD12C318B0F0053284B /* PecodeTestTask */ = {
			isa = PBXNativeTarget;
			buildConfigurationList = CA002DFC2C318B110053284B /* Build configuration list for PBXNativeTarget "PecodeTestTask" */;
			buildPhases = (
				CA002DCE2C318B0F0053284B /* Sources */,
				CA002DCF2C318B0F0053284B /* Frameworks */,
				CA002DD02C318B0F0053284B /* Resources */,
			);
			buildRules = (
			);
			dependencies = (
			);
			name = PecodeTestTask;
			productName = PecodeTestTask;
			productReference = CA002DD22C318B0F0053284B /* PecodeTestTask.app */;
			productType = "com.apple.product-type.application";
		};
		CA002DE72C318B110053284B /* PecodeTestTaskTests */ = {
			isa = PBXNativeTarget;
			buildConfigurationList = CA002DFF2C318B110053284B /* Build configuration list for PBXNativeTarget "PecodeTestTaskTests" */;
			buildPhases = (
				CA002DE42C318B110053284B /* Sources */,
				CA002DE52C318B110053284B /* Frameworks */,
				CA002DE62C318B110053284B /* Resources */,
			);
			buildRules = (
			);
			dependencies = (
				CA002DEA2C318B110053284B /* PBXTargetDependency */,
			);
			name = PecodeTestTaskTests;
			productName = PecodeTestTaskTests;
			productReference = CA002DE82C318B110053284B /* PecodeTestTaskTests.xctest */;
			productType = "com.apple.product-type.bundle.unit-test";
		};
		CA002DF12C318B110053284B /* PecodeTestTaskUITests */ = {
			isa = PBXNativeTarget;
			buildConfigurationList = CA002E022C318B110053284B /* Build configuration list for PBXNativeTarget "PecodeTestTaskUITests" */;
			buildPhases = (
				CA002DEE2C318B110053284B /* Sources */,
				CA002DEF2C318B110053284B /* Frameworks */,
				CA002DF02C318B110053284B /* Resources */,
			);
			buildRules = (
			);
			dependencies = (
				CA002DF42C318B110053284B /* PBXTargetDependency */,
			);
			name = PecodeTestTaskUITests;
			productName = PecodeTestTaskUITests;
			productReference = CA002DF22C318B110053284B /* PecodeTestTaskUITests.xctest */;
			productType = "com.apple.product-type.bundle.ui-testing";
		};
/* End PBXNativeTarget section */

/* Begin PBXProject section */
		CA002DCA2C318B0F0053284B /* Project object */ = {
			isa = PBXProject;
			attributes = {
				BuildIndependentTargetsInParallel = 1;
				LastSwiftUpdateCheck = 1530;
				LastUpgradeCheck = 1530;
				TargetAttributes = {
					CA002DD12C318B0F0053284B = {
						CreatedOnToolsVersion = 15.3;
					};
					CA002DE72C318B110053284B = {
						CreatedOnToolsVersion = 15.3;
						TestTargetID = CA002DD12C318B0F0053284B;
					};
					CA002DF12C318B110053284B = {
						CreatedOnToolsVersion = 15.3;
						TestTargetID = CA002DD12C318B0F0053284B;
					};
				};
			};
			buildConfigurationList = CA002DCD2C318B0F0053284B /* Build configuration list for PBXProject "PecodeTestTask" */;
			compatibilityVersion = "Xcode 14.0";
			developmentRegion = en;
			hasScannedForEncodings = 0;
			knownRegions = (
				en,
				Base,
			);
			mainGroup = CA002DC92C318B0F0053284B;
			productRefGroup = CA002DD32C318B0F0053284B /* Products */;
			projectDirPath = "";
			projectRoot = "";
			targets = (
				CA002DD12C318B0F0053284B /* PecodeTestTask */,
				CA002DE72C318B110053284B /* PecodeTestTaskTests */,
				CA002DF12C318B110053284B /* PecodeTestTaskUITests */,
			);
		};
/* End PBXProject section */

/* Begin PBXResourcesBuildPhase section */
		CA002DD02C318B0F0053284B /* Resources */ = {
			isa = PBXResourcesBuildPhase;
			buildActionMask = 2147483647;
			files = (
				CA002DDF2C318B110053284B /* Assets.xcassets in Resources */,
				CA002E242C319F560053284B /* .gitignore in Resources */,
				CA002DE22C318B110053284B /* Base in Resources */,
				CA002E202C319DC60053284B /* .gitkeep in Resources */,
				CA002E222C319DD00053284B /* .gitkeep in Resources */,
				CA002E1A2C319C860053284B /* Home.storyboard in Resources */,
				CA002E1E2C319DB20053284B /* .gitkeep in Resources */,
			);
			runOnlyForDeploymentPostprocessing = 0;
		};
		CA002DE62C318B110053284B /* Resources */ = {
			isa = PBXResourcesBuildPhase;
			buildActionMask = 2147483647;
			files = (
			);
			runOnlyForDeploymentPostprocessing = 0;
		};
		CA002DF02C318B110053284B /* Resources */ = {
			isa = PBXResourcesBuildPhase;
			buildActionMask = 2147483647;
			files = (
			);
			runOnlyForDeploymentPostprocessing = 0;
		};
/* End PBXResourcesBuildPhase section */

/* Begin PBXSourcesBuildPhase section */
		CA002DCE2C318B0F0053284B /* Sources */ = {
			isa = PBXSourcesBuildPhase;
			buildActionMask = 2147483647;
			files = (
				CA002E0E2C319BC10053284B /* BaseViewController.swift in Sources */,
				CA002E122C319C110053284B /* Coordinator.swift in Sources */,
				CA002E182C319C7A0053284B /* HomeViewModel.swift in Sources */,
				CA002DD62C318B0F0053284B /* AppDelegate.swift in Sources */,
				CA002E262C31A0830053284B /* AppCoordinator.swift in Sources */,
				CA002DD82C318B0F0053284B /* SceneDelegate.swift in Sources */,
				CA002E162C319C6D0053284B /* HomeViewController.swift in Sources */,
				CA002E142C319C5C0053284B /* HomeCoordinator.swift in Sources */,
			);
			runOnlyForDeploymentPostprocessing = 0;
		};
		CA002DE42C318B110053284B /* Sources */ = {
			isa = PBXSourcesBuildPhase;
			buildActionMask = 2147483647;
			files = (
				CA002DED2C318B110053284B /* PecodeTestTaskTests.swift in Sources */,
			);
			runOnlyForDeploymentPostprocessing = 0;
		};
		CA002DEE2C318B110053284B /* Sources */ = {
			isa = PBXSourcesBuildPhase;
			buildActionMask = 2147483647;
			files = (
				CA002DF72C318B110053284B /* PecodeTestTaskUITests.swift in Sources */,
				CA002DF92C318B110053284B /* PecodeTestTaskUITestsLaunchTests.swift in Sources */,
			);
			runOnlyForDeploymentPostprocessing = 0;
		};
/* End PBXSourcesBuildPhase section */

/* Begin PBXTargetDependency section */
		CA002DEA2C318B110053284B /* PBXTargetDependency */ = {
			isa = PBXTargetDependency;
			target = CA002DD12C318B0F0053284B /* PecodeTestTask */;
			targetProxy = CA002DE92C318B110053284B /* PBXContainerItemProxy */;
		};
		CA002DF42C318B110053284B /* PBXTargetDependency */ = {
			isa = PBXTargetDependency;
			target = CA002DD12C318B0F0053284B /* PecodeTestTask */;
			targetProxy = CA002DF32C318B110053284B /* PBXContainerItemProxy */;
		};
/* End PBXTargetDependency section */

/* Begin PBXVariantGroup section */
		CA002DE02C318B110053284B /* LaunchScreen.storyboard */ = {
			isa = PBXVariantGroup;
			children = (
				CA002DE12C318B110053284B /* Base */,
			);
			name = LaunchScreen.storyboard;
			sourceTree = "<group>";
		};
/* End PBXVariantGroup section */

/* Begin XCBuildConfiguration section */
		CA002DFA2C318B110053284B /* Debug */ = {
			isa = XCBuildConfiguration;
			buildSettings = {
				ALWAYS_SEARCH_USER_PATHS = NO;
				ASSETCATALOG_COMPILER_GENERATE_SWIFT_ASSET_SYMBOL_EXTENSIONS = YES;
				CLANG_ANALYZER_NONNULL = YES;
				CLANG_ANALYZER_NUMBER_OBJECT_CONVERSION = YES_AGGRESSIVE;
				CLANG_CXX_LANGUAGE_STANDARD = "gnu++20";
				CLANG_ENABLE_MODULES = YES;
				CLANG_ENABLE_OBJC_ARC = YES;
				CLANG_ENABLE_OBJC_WEAK = YES;
				CLANG_WARN_BLOCK_CAPTURE_AUTORELEASING = YES;
				CLANG_WARN_BOOL_CONVERSION = YES;
				CLANG_WARN_COMMA = YES;
				CLANG_WARN_CONSTANT_CONVERSION = YES;
				CLANG_WARN_DEPRECATED_OBJC_IMPLEMENTATIONS = YES;
				CLANG_WARN_DIRECT_OBJC_ISA_USAGE = YES_ERROR;
				CLANG_WARN_DOCUMENTATION_COMMENTS = YES;
				CLANG_WARN_EMPTY_BODY = YES;
				CLANG_WARN_ENUM_CONVERSION = YES;
				CLANG_WARN_INFINITE_RECURSION = YES;
				CLANG_WARN_INT_CONVERSION = YES;
				CLANG_WARN_NON_LITERAL_NULL_CONVERSION = YES;
				CLANG_WARN_OBJC_IMPLICIT_RETAIN_SELF = YES;
				CLANG_WARN_OBJC_LITERAL_CONVERSION = YES;
				CLANG_WARN_OBJC_ROOT_CLASS = YES_ERROR;
				CLANG_WARN_QUOTED_INCLUDE_IN_FRAMEWORK_HEADER = YES;
				CLANG_WARN_RANGE_LOOP_ANALYSIS = YES;
				CLANG_WARN_STRICT_PROTOTYPES = YES;
				CLANG_WARN_SUSPICIOUS_MOVE = YES;
				CLANG_WARN_UNGUARDED_AVAILABILITY = YES_AGGRESSIVE;
				CLANG_WARN_UNREACHABLE_CODE = YES;
				CLANG_WARN__DUPLICATE_METHOD_MATCH = YES;
				COPY_PHASE_STRIP = NO;
				DEBUG_INFORMATION_FORMAT = dwarf;
				ENABLE_STRICT_OBJC_MSGSEND = YES;
				ENABLE_TESTABILITY = YES;
				ENABLE_USER_SCRIPT_SANDBOXING = YES;
				GCC_C_LANGUAGE_STANDARD = gnu17;
				GCC_DYNAMIC_NO_PIC = NO;
				GCC_NO_COMMON_BLOCKS = YES;
				GCC_OPTIMIZATION_LEVEL = 0;
				GCC_PREPROCESSOR_DEFINITIONS = (
					"DEBUG=1",
					"$(inherited)",
				);
				GCC_WARN_64_TO_32_BIT_CONVERSION = YES;
				GCC_WARN_ABOUT_RETURN_TYPE = YES_ERROR;
				GCC_WARN_UNDECLARED_SELECTOR = YES;
				GCC_WARN_UNINITIALIZED_AUTOS = YES_AGGRESSIVE;
				GCC_WARN_UNUSED_FUNCTION = YES;
				GCC_WARN_UNUSED_VARIABLE = YES;
				IPHONEOS_DEPLOYMENT_TARGET = 17.4;
				LOCALIZATION_PREFERS_STRING_CATALOGS = YES;
				MTL_ENABLE_DEBUG_INFO = INCLUDE_SOURCE;
				MTL_FAST_MATH = YES;
				ONLY_ACTIVE_ARCH = YES;
				SDKROOT = iphoneos;
				SWIFT_ACTIVE_COMPILATION_CONDITIONS = "DEBUG $(inherited)";
				SWIFT_OPTIMIZATION_LEVEL = "-Onone";
			};
			name = Debug;
		};
		CA002DFB2C318B110053284B /* Release */ = {
			isa = XCBuildConfiguration;
			buildSettings = {
				ALWAYS_SEARCH_USER_PATHS = NO;
				ASSETCATALOG_COMPILER_GENERATE_SWIFT_ASSET_SYMBOL_EXTENSIONS = YES;
				CLANG_ANALYZER_NONNULL = YES;
				CLANG_ANALYZER_NUMBER_OBJECT_CONVERSION = YES_AGGRESSIVE;
				CLANG_CXX_LANGUAGE_STANDARD = "gnu++20";
				CLANG_ENABLE_MODULES = YES;
				CLANG_ENABLE_OBJC_ARC = YES;
				CLANG_ENABLE_OBJC_WEAK = YES;
				CLANG_WARN_BLOCK_CAPTURE_AUTORELEASING = YES;
				CLANG_WARN_BOOL_CONVERSION = YES;
				CLANG_WARN_COMMA = YES;
				CLANG_WARN_CONSTANT_CONVERSION = YES;
				CLANG_WARN_DEPRECATED_OBJC_IMPLEMENTATIONS = YES;
				CLANG_WARN_DIRECT_OBJC_ISA_USAGE = YES_ERROR;
				CLANG_WARN_DOCUMENTATION_COMMENTS = YES;
				CLANG_WARN_EMPTY_BODY = YES;
				CLANG_WARN_ENUM_CONVERSION = YES;
				CLANG_WARN_INFINITE_RECURSION = YES;
				CLANG_WARN_INT_CONVERSION = YES;
				CLANG_WARN_NON_LITERAL_NULL_CONVERSION = YES;
				CLANG_WARN_OBJC_IMPLICIT_RETAIN_SELF = YES;
				CLANG_WARN_OBJC_LITERAL_CONVERSION = YES;
				CLANG_WARN_OBJC_ROOT_CLASS = YES_ERROR;
				CLANG_WARN_QUOTED_INCLUDE_IN_FRAMEWORK_HEADER = YES;
				CLANG_WARN_RANGE_LOOP_ANALYSIS = YES;
				CLANG_WARN_STRICT_PROTOTYPES = YES;
				CLANG_WARN_SUSPICIOUS_MOVE = YES;
				CLANG_WARN_UNGUARDED_AVAILABILITY = YES_AGGRESSIVE;
				CLANG_WARN_UNREACHABLE_CODE = YES;
				CLANG_WARN__DUPLICATE_METHOD_MATCH = YES;
				COPY_PHASE_STRIP = NO;
				DEBUG_INFORMATION_FORMAT = "dwarf-with-dsym";
				ENABLE_NS_ASSERTIONS = NO;
				ENABLE_STRICT_OBJC_MSGSEND = YES;
				ENABLE_USER_SCRIPT_SANDBOXING = YES;
				GCC_C_LANGUAGE_STANDARD = gnu17;
				GCC_NO_COMMON_BLOCKS = YES;
				GCC_WARN_64_TO_32_BIT_CONVERSION = YES;
				GCC_WARN_ABOUT_RETURN_TYPE = YES_ERROR;
				GCC_WARN_UNDECLARED_SELECTOR = YES;
				GCC_WARN_UNINITIALIZED_AUTOS = YES_AGGRESSIVE;
				GCC_WARN_UNUSED_FUNCTION = YES;
				GCC_WARN_UNUSED_VARIABLE = YES;
				IPHONEOS_DEPLOYMENT_TARGET = 17.4;
				LOCALIZATION_PREFERS_STRING_CATALOGS = YES;
				MTL_ENABLE_DEBUG_INFO = NO;
				MTL_FAST_MATH = YES;
				SDKROOT = iphoneos;
				SWIFT_COMPILATION_MODE = wholemodule;
				VALIDATE_PRODUCT = YES;
			};
			name = Release;
		};
		CA002DFD2C318B110053284B /* Debug */ = {
			isa = XCBuildConfiguration;
			buildSettings = {
				ASSETCATALOG_COMPILER_APPICON_NAME = AppIcon;
				ASSETCATALOG_COMPILER_GLOBAL_ACCENT_COLOR_NAME = AccentColor;
				CODE_SIGN_STYLE = Automatic;
				CURRENT_PROJECT_VERSION = 1;
				DEVELOPMENT_TEAM = 48BBJ4HBL4;
				GENERATE_INFOPLIST_FILE = YES;
				INFOPLIST_FILE = PecodeTestTask/Info.plist;
				INFOPLIST_KEY_UIApplicationSupportsIndirectInputEvents = YES;
				INFOPLIST_KEY_UILaunchStoryboardName = LaunchScreen;
				INFOPLIST_KEY_UIMainStoryboardFile = Main;
				INFOPLIST_KEY_UISupportedInterfaceOrientations_iPad = "UIInterfaceOrientationPortrait UIInterfaceOrientationPortraitUpsideDown UIInterfaceOrientationLandscapeLeft UIInterfaceOrientationLandscapeRight";
				INFOPLIST_KEY_UISupportedInterfaceOrientations_iPhone = "UIInterfaceOrientationPortrait UIInterfaceOrientationLandscapeLeft UIInterfaceOrientationLandscapeRight";
				LD_RUNPATH_SEARCH_PATHS = (
					"$(inherited)",
					"@executable_path/Frameworks",
				);
				MARKETING_VERSION = 1.0;
				PRODUCT_BUNDLE_IDENTIFIER = com.mapthree.PecodeTestTask;
				PRODUCT_NAME = "$(TARGET_NAME)";
				SWIFT_EMIT_LOC_STRINGS = YES;
				SWIFT_VERSION = 5.0;
				TARGETED_DEVICE_FAMILY = "1,2";
			};
			name = Debug;
		};
		CA002DFE2C318B110053284B /* Release */ = {
			isa = XCBuildConfiguration;
			buildSettings = {
				ASSETCATALOG_COMPILER_APPICON_NAME = AppIcon;
				ASSETCATALOG_COMPILER_GLOBAL_ACCENT_COLOR_NAME = AccentColor;
				CODE_SIGN_STYLE = Automatic;
				CURRENT_PROJECT_VERSION = 1;
				DEVELOPMENT_TEAM = 48BBJ4HBL4;
				GENERATE_INFOPLIST_FILE = YES;
				INFOPLIST_FILE = PecodeTestTask/Info.plist;
				INFOPLIST_KEY_UIApplicationSupportsIndirectInputEvents = YES;
				INFOPLIST_KEY_UILaunchStoryboardName = LaunchScreen;
				INFOPLIST_KEY_UIMainStoryboardFile = Main;
				INFOPLIST_KEY_UISupportedInterfaceOrientations_iPad = "UIInterfaceOrientationPortrait UIInterfaceOrientationPortraitUpsideDown UIInterfaceOrientationLandscapeLeft UIInterfaceOrientationLandscapeRight";
				INFOPLIST_KEY_UISupportedInterfaceOrientations_iPhone = "UIInterfaceOrientationPortrait UIInterfaceOrientationLandscapeLeft UIInterfaceOrientationLandscapeRight";
				LD_RUNPATH_SEARCH_PATHS = (
					"$(inherited)",
					"@executable_path/Frameworks",
				);
				MARKETING_VERSION = 1.0;
				PRODUCT_BUNDLE_IDENTIFIER = com.mapthree.PecodeTestTask;
				PRODUCT_NAME = "$(TARGET_NAME)";
				SWIFT_EMIT_LOC_STRINGS = YES;
				SWIFT_VERSION = 5.0;
				TARGETED_DEVICE_FAMILY = "1,2";
			};
			name = Release;
		};
		CA002E002C318B110053284B /* Debug */ = {
			isa = XCBuildConfiguration;
			buildSettings = {
				ALWAYS_EMBED_SWIFT_STANDARD_LIBRARIES = YES;
				BUNDLE_LOADER = "$(TEST_HOST)";
				CODE_SIGN_STYLE = Automatic;
				CURRENT_PROJECT_VERSION = 1;
				DEVELOPMENT_TEAM = 48BBJ4HBL4;
				GENERATE_INFOPLIST_FILE = YES;
				IPHONEOS_DEPLOYMENT_TARGET = 17.4;
				MARKETING_VERSION = 1.0;
				PRODUCT_BUNDLE_IDENTIFIER = com.mapthree.PecodeTestTaskTests;
				PRODUCT_NAME = "$(TARGET_NAME)";
				SWIFT_EMIT_LOC_STRINGS = NO;
				SWIFT_VERSION = 5.0;
				TARGETED_DEVICE_FAMILY = "1,2";
				TEST_HOST = "$(BUILT_PRODUCTS_DIR)/PecodeTestTask.app/$(BUNDLE_EXECUTABLE_FOLDER_PATH)/PecodeTestTask";
			};
			name = Debug;
		};
		CA002E012C318B110053284B /* Release */ = {
			isa = XCBuildConfiguration;
			buildSettings = {
				ALWAYS_EMBED_SWIFT_STANDARD_LIBRARIES = YES;
				BUNDLE_LOADER = "$(TEST_HOST)";
				CODE_SIGN_STYLE = Automatic;
				CURRENT_PROJECT_VERSION = 1;
				DEVELOPMENT_TEAM = 48BBJ4HBL4;
				GENERATE_INFOPLIST_FILE = YES;
				IPHONEOS_DEPLOYMENT_TARGET = 17.4;
				MARKETING_VERSION = 1.0;
				PRODUCT_BUNDLE_IDENTIFIER = com.mapthree.PecodeTestTaskTests;
				PRODUCT_NAME = "$(TARGET_NAME)";
				SWIFT_EMIT_LOC_STRINGS = NO;
				SWIFT_VERSION = 5.0;
				TARGETED_DEVICE_FAMILY = "1,2";
				TEST_HOST = "$(BUILT_PRODUCTS_DIR)/PecodeTestTask.app/$(BUNDLE_EXECUTABLE_FOLDER_PATH)/PecodeTestTask";
			};
			name = Release;
		};
		CA002E032C318B110053284B /* Debug */ = {
			isa = XCBuildConfiguration;
			buildSettings = {
				ALWAYS_EMBED_SWIFT_STANDARD_LIBRARIES = YES;
				CODE_SIGN_STYLE = Automatic;
				CURRENT_PROJECT_VERSION = 1;
				DEVELOPMENT_TEAM = 48BBJ4HBL4;
				GENERATE_INFOPLIST_FILE = YES;
				MARKETING_VERSION = 1.0;
				PRODUCT_BUNDLE_IDENTIFIER = com.mapthree.PecodeTestTaskUITests;
				PRODUCT_NAME = "$(TARGET_NAME)";
				SWIFT_EMIT_LOC_STRINGS = NO;
				SWIFT_VERSION = 5.0;
				TARGETED_DEVICE_FAMILY = "1,2";
				TEST_TARGET_NAME = PecodeTestTask;
			};
			name = Debug;
		};
		CA002E042C318B110053284B /* Release */ = {
			isa = XCBuildConfiguration;
			buildSettings = {
				ALWAYS_EMBED_SWIFT_STANDARD_LIBRARIES = YES;
				CODE_SIGN_STYLE = Automatic;
				CURRENT_PROJECT_VERSION = 1;
				DEVELOPMENT_TEAM = 48BBJ4HBL4;
				GENERATE_INFOPLIST_FILE = YES;
				MARKETING_VERSION = 1.0;
				PRODUCT_BUNDLE_IDENTIFIER = com.mapthree.PecodeTestTaskUITests;
				PRODUCT_NAME = "$(TARGET_NAME)";
				SWIFT_EMIT_LOC_STRINGS = NO;
				SWIFT_VERSION = 5.0;
				TARGETED_DEVICE_FAMILY = "1,2";
				TEST_TARGET_NAME = PecodeTestTask;
			};
			name = Release;
		};
/* End XCBuildConfiguration section */

/* Begin XCConfigurationList section */
		CA002DCD2C318B0F0053284B /* Build configuration list for PBXProject "PecodeTestTask" */ = {
			isa = XCConfigurationList;
			buildConfigurations = (
				CA002DFA2C318B110053284B /* Debug */,
				CA002DFB2C318B110053284B /* Release */,
			);
			defaultConfigurationIsVisible = 0;
			defaultConfigurationName = Release;
		};
		CA002DFC2C318B110053284B /* Build configuration list for PBXNativeTarget "PecodeTestTask" */ = {
			isa = XCConfigurationList;
			buildConfigurations = (
				CA002DFD2C318B110053284B /* Debug */,
				CA002DFE2C318B110053284B /* Release */,
			);
			defaultConfigurationIsVisible = 0;
			defaultConfigurationName = Release;
		};
		CA002DFF2C318B110053284B /* Build configuration list for PBXNativeTarget "PecodeTestTaskTests" */ = {
			isa = XCConfigurationList;
			buildConfigurations = (
				CA002E002C318B110053284B /* Debug */,
				CA002E012C318B110053284B /* Release */,
			);
			defaultConfigurationIsVisible = 0;
			defaultConfigurationName = Release;
		};
		CA002E022C318B110053284B /* Build configuration list for PBXNativeTarget "PecodeTestTaskUITests" */ = {
			isa = XCConfigurationList;
			buildConfigurations = (
				CA002E032C318B110053284B /* Debug */,
				CA002E042C318B110053284B /* Release */,
			);
			defaultConfigurationIsVisible = 0;
			defaultConfigurationName = Release;
		};
/* End XCConfigurationList section */
	};
	rootObject = CA002DCA2C318B0F0053284B /* Project object */;
}
